
Microsoft Visual Studio Solution File, Format Version 12.00
# Visual Studio 15
VisualStudioVersion = 15.0.26228.9
MinimumVisualStudioVersion = 10.0.40219.1
Project("{FAE04EC0-301F-11D3-BF4B-00C04F79EFBC}") = "OrderService.Service", "OrderService\OrderService.Service.csproj", "{648E16EC-0F47-4DD8-B072-6B2402B07280}"
EndProject
Project("{FAE04EC0-301F-11D3-BF4B-00C04F79EFBC}") = "MessageSubscriber", "MessageSubscriber\MessageSubscriber.csproj", "{0B5B435E-018D-4A43-A567-F4FB18EF393C}"
EndProject
Project("{FAE04EC0-301F-11D3-BF4B-00C04F79EFBC}") = "ClientQueueMessageSender", "ClientQueueMessageSender\ClientQueueMessageSender.csproj", "{58690676-9E39-4450-B943-7BDECCB5940C}"
EndProject
Project("{FAE04EC0-301F-11D3-BF4B-00C04F79EFBC}") = "OrderService.Business", "OrderService.Business\OrderService.Business.csproj", "{89EA6628-7276-4A9D-B006-3605ADD6BC9B}"
EndProject
Project("{2150E333-8FDC-42A3-9474-1A3956D46DE8}") = "MessageSubscriber", "MessageSubscriber", "{07B00CFB-1607-4FCB-92BB-0DB5A4B83996}"
EndProject
Project("{2150E333-8FDC-42A3-9474-1A3956D46DE8}") = "2. Business", "2. Business", "{81180B2F-7D4A-47A4-BD1B-4808A6FEDC68}"
EndProject
Project("{2150E333-8FDC-42A3-9474-1A3956D46DE8}") = "1. Application", "1. Application", "{4E29D9EF-73ED-4344-85AD-FB4983443DBA}"
EndProject
Project("{2150E333-8FDC-42A3-9474-1A3956D46DE8}") = "Client App", "Client App", "{2C6C30AE-89F3-400D-9B0A-AF3C22C11378}"
EndProject
Project("{2150E333-8FDC-42A3-9474-1A3956D46DE8}") = "Order Service", "Order Service", "{DC8630E8-624D-46B0-8EB4-D0E8444C0EC1}"
EndProject
Project("{2150E333-8FDC-42A3-9474-1A3956D46DE8}") = "Common", "Common", "{4BA7C406-D520-48A8-A14F-413ABA796F5E}"
EndProject
Project("{2150E333-8FDC-42A3-9474-1A3956D46DE8}") = "Order Tracking Service", "Order Tracking Service", "{971E6F3D-5C31-4428-BB99-A2B67E3D6F48}"
EndProject
Project("{2150E333-8FDC-42A3-9474-1A3956D46DE8}") = "1. Application", "1. Application", "{3A14353B-FFFD-44AE-8D2C-091F8F66B997}"
EndProject
Project("{2150E333-8FDC-42A3-9474-1A3956D46DE8}") = "2. Business", "2. Business", "{619BDCD8-1041-4C8B-BF85-79338AC1D30B}"
EndProject
Project("{FAE04EC0-301F-11D3-BF4B-00C04F79EFBC}") = "OrderTrackingService.Service", "OrderTrackingService\OrderTrackingService.Service.csproj", "{E88E6358-031E-4B6C-B8AF-FDAD960E39B7}"
EndProject
Project("{FAE04EC0-301F-11D3-BF4B-00C04F79EFBC}") = "OrderTrackingService.Business", "OrderTrackingService.Business\OrderTrackingService.Business.csproj", "{3D5FF124-8CED-42B2-A3EC-6BFC4C5479BF}"
EndProject
Project("{2150E333-8FDC-42A3-9474-1A3956D46DE8}") = "Order Payment Service", "Order Payment Service", "{109DBB8A-9EC8-4898-B0DF-15B439AB6040}"
EndProject
Project("{2150E333-8FDC-42A3-9474-1A3956D46DE8}") = "1. Application", "1. Application", "{6BE9A75D-9B56-4A86-955C-4110B9B4CCB4}"
EndProject
Project("{2150E333-8FDC-42A3-9474-1A3956D46DE8}") = "2. Business", "2. Business", "{ED701715-46AD-4C7F-95B3-F87C3162DD0F}"
EndProject
Project("{FAE04EC0-301F-11D3-BF4B-00C04F79EFBC}") = "OrderPaymentService.Service", "OrderPaymentService\OrderPaymentService.Service.csproj", "{58EF349F-5AD8-4CFB-9D22-E65D1FA972FD}"
EndProject
Project("{FAE04EC0-301F-11D3-BF4B-00C04F79EFBC}") = "OrderPaymentService.Business", "OrderPaymentService.Business\OrderPaymentService.Business.csproj", "{EC18F39C-AFA5-44A4-A779-826BE2F551CF}"
EndProject
Global
	GlobalSection(SolutionConfigurationPlatforms) = preSolution
		Debug|Any CPU = Debug|Any CPU
		Release|Any CPU = Release|Any CPU
	EndGlobalSection
	GlobalSection(ProjectConfigurationPlatforms) = postSolution
		{648E16EC-0F47-4DD8-B072-6B2402B07280}.Debug|Any CPU.ActiveCfg = Debug|Any CPU
		{648E16EC-0F47-4DD8-B072-6B2402B07280}.Debug|Any CPU.Build.0 = Debug|Any CPU
		{648E16EC-0F47-4DD8-B072-6B2402B07280}.Release|Any CPU.ActiveCfg = Release|Any CPU
		{648E16EC-0F47-4DD8-B072-6B2402B07280}.Release|Any CPU.Build.0 = Release|Any CPU
		{0B5B435E-018D-4A43-A567-F4FB18EF393C}.Debug|Any CPU.ActiveCfg = Debug|Any CPU
		{0B5B435E-018D-4A43-A567-F4FB18EF393C}.Debug|Any CPU.Build.0 = Debug|Any CPU
		{0B5B435E-018D-4A43-A567-F4FB18EF393C}.Release|Any CPU.ActiveCfg = Release|Any CPU
		{0B5B435E-018D-4A43-A567-F4FB18EF393C}.Release|Any CPU.Build.0 = Release|Any CPU
		{58690676-9E39-4450-B943-7BDECCB5940C}.Debug|Any CPU.ActiveCfg = Debug|Any CPU
		{58690676-9E39-4450-B943-7BDECCB5940C}.Debug|Any CPU.Build.0 = Debug|Any CPU
		{58690676-9E39-4450-B943-7BDECCB5940C}.Release|Any CPU.ActiveCfg = Release|Any CPU
		{58690676-9E39-4450-B943-7BDECCB5940C}.Release|Any CPU.Build.0 = Release|Any CPU
		{89EA6628-7276-4A9D-B006-3605ADD6BC9B}.Debug|Any CPU.ActiveCfg = Debug|Any CPU
		{89EA6628-7276-4A9D-B006-3605ADD6BC9B}.Debug|Any CPU.Build.0 = Debug|Any CPU
		{89EA6628-7276-4A9D-B006-3605ADD6BC9B}.Release|Any CPU.ActiveCfg = Release|Any CPU
		{89EA6628-7276-4A9D-B006-3605ADD6BC9B}.Release|Any CPU.Build.0 = Release|Any CPU
		{E88E6358-031E-4B6C-B8AF-FDAD960E39B7}.Debug|Any CPU.ActiveCfg = Debug|Any CPU
		{E88E6358-031E-4B6C-B8AF-FDAD960E39B7}.Debug|Any CPU.Build.0 = Debug|Any CPU
		{E88E6358-031E-4B6C-B8AF-FDAD960E39B7}.Release|Any CPU.ActiveCfg = Release|Any CPU
		{E88E6358-031E-4B6C-B8AF-FDAD960E39B7}.Release|Any CPU.Build.0 = Release|Any CPU
		{3D5FF124-8CED-42B2-A3EC-6BFC4C5479BF}.Debug|Any CPU.ActiveCfg = Debug|Any CPU
		{3D5FF124-8CED-42B2-A3EC-6BFC4C5479BF}.Debug|Any CPU.Build.0 = Debug|Any CPU
		{3D5FF124-8CED-42B2-A3EC-6BFC4C5479BF}.Release|Any CPU.ActiveCfg = Release|Any CPU
		{3D5FF124-8CED-42B2-A3EC-6BFC4C5479BF}.Release|Any CPU.Build.0 = Release|Any CPU
		{58EF349F-5AD8-4CFB-9D22-E65D1FA972FD}.Debug|Any CPU.ActiveCfg = Debug|Any CPU
		{58EF349F-5AD8-4CFB-9D22-E65D1FA972FD}.Debug|Any CPU.Build.0 = Debug|Any CPU
		{58EF349F-5AD8-4CFB-9D22-E65D1FA972FD}.Release|Any CPU.ActiveCfg = Release|Any CPU
		{58EF349F-5AD8-4CFB-9D22-E65D1FA972FD}.Release|Any CPU.Build.0 = Release|Any CPU
		{EC18F39C-AFA5-44A4-A779-826BE2F551CF}.Debug|Any CPU.ActiveCfg = Debug|Any CPU
		{EC18F39C-AFA5-44A4-A779-826BE2F551CF}.Debug|Any CPU.Build.0 = Debug|Any CPU
		{EC18F39C-AFA5-44A4-A779-826BE2F551CF}.Release|Any CPU.ActiveCfg = Release|Any CPU
		{EC18F39C-AFA5-44A4-A779-826BE2F551CF}.Release|Any CPU.Build.0 = Release|Any CPU
	EndGlobalSection
	GlobalSection(SolutionProperties) = preSolution
		HideSolutionNode = FALSE
	EndGlobalSection
	GlobalSection(NestedProjects) = preSolution
		{648E16EC-0F47-4DD8-B072-6B2402B07280} = {4E29D9EF-73ED-4344-85AD-FB4983443DBA}
		{0B5B435E-018D-4A43-A567-F4FB18EF393C} = {07B00CFB-1607-4FCB-92BB-0DB5A4B83996}
		{58690676-9E39-4450-B943-7BDECCB5940C} = {2C6C30AE-89F3-400D-9B0A-AF3C22C11378}
		{89EA6628-7276-4A9D-B006-3605ADD6BC9B} = {81180B2F-7D4A-47A4-BD1B-4808A6FEDC68}
		{07B00CFB-1607-4FCB-92BB-0DB5A4B83996} = {4BA7C406-D520-48A8-A14F-413ABA796F5E}
		{81180B2F-7D4A-47A4-BD1B-4808A6FEDC68} = {DC8630E8-624D-46B0-8EB4-D0E8444C0EC1}
		{4E29D9EF-73ED-4344-85AD-FB4983443DBA} = {DC8630E8-624D-46B0-8EB4-D0E8444C0EC1}
		{3A14353B-FFFD-44AE-8D2C-091F8F66B997} = {971E6F3D-5C31-4428-BB99-A2B67E3D6F48}
		{619BDCD8-1041-4C8B-BF85-79338AC1D30B} = {971E6F3D-5C31-4428-BB99-A2B67E3D6F48}
		{E88E6358-031E-4B6C-B8AF-FDAD960E39B7} = {3A14353B-FFFD-44AE-8D2C-091F8F66B997}
		{3D5FF124-8CED-42B2-A3EC-6BFC4C5479BF} = {619BDCD8-1041-4C8B-BF85-79338AC1D30B}
		{6BE9A75D-9B56-4A86-955C-4110B9B4CCB4} = {109DBB8A-9EC8-4898-B0DF-15B439AB6040}
		{ED701715-46AD-4C7F-95B3-F87C3162DD0F} = {109DBB8A-9EC8-4898-B0DF-15B439AB6040}
		{58EF349F-5AD8-4CFB-9D22-E65D1FA972FD} = {6BE9A75D-9B56-4A86-955C-4110B9B4CCB4}
		{EC18F39C-AFA5-44A4-A779-826BE2F551CF} = {ED701715-46AD-4C7F-95B3-F87C3162DD0F}
	EndGlobalSection
EndGlobal
